
Microsoft Visual Studio Solution File, Format Version 11.00
# Visual Studio 2010
Project("{FAE04EC0-301F-11D3-BF4B-00C04F79EFBC}") = "Assembly-CSharp", "Assembly-CSharp.csproj", "{4FC37970-B9A4-CD32-3F57-2306AA4A7543}"
EndProject
Project("{FAE04EC0-301F-11D3-BF4B-00C04F79EFBC}") = "Assembly-CSharp-Editor", "Assembly-CSharp-Editor.csproj", "{A1BA2D4C-718E-F24C-C9E7-32E0DB87765B}"
EndProject
Global
	GlobalSection(SolutionConfigurationPlatforms) = preSolution
		Debug|Any CPU = Debug|Any CPU
		Release|Any CPU = Release|Any CPU
	EndGlobalSection
	GlobalSection(ProjectConfigurationPlatforms) = postSolution
		{4FC37970-B9A4-CD32-3F57-2306AA4A7543}.Debug|Any CPU.ActiveCfg = Debug|Any CPU
		{4FC37970-B9A4-CD32-3F57-2306AA4A7543}.Debug|Any CPU.Build.0 = Debug|Any CPU
		{4FC37970-B9A4-CD32-3F57-2306AA4A7543}.Release|Any CPU.ActiveCfg = Release|Any CPU
		{4FC37970-B9A4-CD32-3F57-2306AA4A7543}.Release|Any CPU.Build.0 = Release|Any CPU
		{A1BA2D4C-718E-F24C-C9E7-32E0DB87765B}.Debug|Any CPU.ActiveCfg = Debug|Any CPU
		{A1BA2D4C-718E-F24C-C9E7-32E0DB87765B}.Debug|Any CPU.Build.0 = Debug|Any CPU
		{A1BA2D4C-718E-F24C-C9E7-32E0DB87765B}.Release|Any CPU.ActiveCfg = Release|Any CPU
		{A1BA2D4C-718E-F24C-C9E7-32E0DB87765B}.Release|Any CPU.Build.0 = Release|Any CPU
	EndGlobalSection
	GlobalSection(SolutionProperties) = preSolution
		HideSolutionNode = FALSE
	EndGlobalSection
EndGlobal
